{
  "requires": true,
  "lockfileVersion": 1,
  "dependencies": {
    "dropify": {
      "version": "0.2.2",
      "resolved": "https://registry.npmjs.org/dropify/-/dropify-0.2.2.tgz",
      "integrity": "sha1-VU69Hae23CA3hV+tc33YMSjz9VY=",
      "requires": {
        "jquery": "*"
      }
    },
    "jquery": {
      "version": "3.6.0",
      "resolved": "https://registry.npmjs.org/jquery/-/jquery-3.6.0.tgz",
      "integrity": "sha512-JVzAR/AjBvVt2BmYhxRCSYysDsPcssdmTFnzyLEts9qNwmjmu4JTAMYubEfwVOSwpQ1I1sKKFcxhZCI2buerfw=="
    }
  }
}
